
Microsoft Visual Studio Solution File, Format Version 12.00
# Visual Studio Version 17
VisualStudioVersion = 17.5.002.0
MinimumVisualStudioVersion = 10.0.40219.1
Project("{9A19103F-16F7-4668-BE54-9A1E7A4F7556}") = "Projeto_Final-noite-de-terror-", "Projeto_Final-noite-de-terror-.csproj", "{24B1CE34-076A-489F-ACC8-BAF004E0F1DC}"
EndProject
Global
	GlobalSection(SolutionConfigurationPlatforms) = preSolution
		Debug|Any CPU = Debug|Any CPU
		Release|Any CPU = Release|Any CPU
	EndGlobalSection
	GlobalSection(ProjectConfigurationPlatforms) = postSolution
		{24B1CE34-076A-489F-ACC8-BAF004E0F1DC}.Debug|Any CPU.ActiveCfg = Debug|Any CPU
		{24B1CE34-076A-489F-ACC8-BAF004E0F1DC}.Debug|Any CPU.Build.0 = Debug|Any CPU
		{24B1CE34-076A-489F-ACC8-BAF004E0F1DC}.Release|Any CPU.ActiveCfg = Release|Any CPU
		{24B1CE34-076A-489F-ACC8-BAF004E0F1DC}.Release|Any CPU.Build.0 = Release|Any CPU
	EndGlobalSection
	GlobalSection(SolutionProperties) = preSolution
		HideSolutionNode = FALSE
	EndGlobalSection
	GlobalSection(ExtensibilityGlobals) = postSolution
		SolutionGuid = {59FB2E01-882E-4E43-B38D-2ED3EF8EB152}
	EndGlobalSection
EndGlobal
